
Microsoft Visual Studio Solution File, Format Version 12.00
# Visual Studio Version 17
VisualStudioVersion = 17.4.33122.133
MinimumVisualStudioVersion = 10.0.40219.1
Project("{F2A71F9B-5D33-465A-A702-920D77279786}") = "FSharpConsole", "src\FSharpConsole\FSharpConsole.fsproj", "{DD8455C4-ADE6-4CCF-9137-3E961C01C505}"
EndProject
Project("{FAE04EC0-301F-11D3-BF4B-00C04F79EFBC}") = "CSharpConsole", "src\CSharpConsole\CSharpConsole.csproj", "{848B0291-B618-4881-A7CE-4290BC49FBF3}"
EndProject
Project("{2150E333-8FDC-42A3-9474-1A3956D46DE8}") = "Consoles", "Consoles", "{70A27DA3-AAE6-43FF-A34E-21E466957EB6}"
EndProject
Project("{F2A71F9B-5D33-465A-A702-920D77279786}") = "PlaygroundCode", "src\PlaygroundCode\PlaygroundCode.fsproj", "{1EDE5AD4-F938-436B-A862-1D9638020AFF}"
EndProject
Global
	GlobalSection(SolutionConfigurationPlatforms) = preSolution
		Debug|Any CPU = Debug|Any CPU
		Release|Any CPU = Release|Any CPU
	EndGlobalSection
	GlobalSection(ProjectConfigurationPlatforms) = postSolution
		{DD8455C4-ADE6-4CCF-9137-3E961C01C505}.Debug|Any CPU.ActiveCfg = Debug|Any CPU
		{DD8455C4-ADE6-4CCF-9137-3E961C01C505}.Debug|Any CPU.Build.0 = Debug|Any CPU
		{DD8455C4-ADE6-4CCF-9137-3E961C01C505}.Release|Any CPU.ActiveCfg = Release|Any CPU
		{DD8455C4-ADE6-4CCF-9137-3E961C01C505}.Release|Any CPU.Build.0 = Release|Any CPU
		{848B0291-B618-4881-A7CE-4290BC49FBF3}.Debug|Any CPU.ActiveCfg = Debug|Any CPU
		{848B0291-B618-4881-A7CE-4290BC49FBF3}.Debug|Any CPU.Build.0 = Debug|Any CPU
		{848B0291-B618-4881-A7CE-4290BC49FBF3}.Release|Any CPU.ActiveCfg = Release|Any CPU
		{848B0291-B618-4881-A7CE-4290BC49FBF3}.Release|Any CPU.Build.0 = Release|Any CPU
		{1EDE5AD4-F938-436B-A862-1D9638020AFF}.Debug|Any CPU.ActiveCfg = Debug|Any CPU
		{1EDE5AD4-F938-436B-A862-1D9638020AFF}.Debug|Any CPU.Build.0 = Debug|Any CPU
		{1EDE5AD4-F938-436B-A862-1D9638020AFF}.Release|Any CPU.ActiveCfg = Release|Any CPU
		{1EDE5AD4-F938-436B-A862-1D9638020AFF}.Release|Any CPU.Build.0 = Release|Any CPU
	EndGlobalSection
	GlobalSection(SolutionProperties) = preSolution
		HideSolutionNode = FALSE
	EndGlobalSection
	GlobalSection(NestedProjects) = preSolution
		{DD8455C4-ADE6-4CCF-9137-3E961C01C505} = {70A27DA3-AAE6-43FF-A34E-21E466957EB6}
		{848B0291-B618-4881-A7CE-4290BC49FBF3} = {70A27DA3-AAE6-43FF-A34E-21E466957EB6}
	EndGlobalSection
	GlobalSection(ExtensibilityGlobals) = postSolution
		SolutionGuid = {ACBDE4BA-CF0A-41B6-A177-9C44ADB8A73F}
	EndGlobalSection
EndGlobal
